
Microsoft Visual Studio Solution File, Format Version 12.00
# Visual Studio Version 17
VisualStudioVersion = 17.1.32407.343
MinimumVisualStudioVersion = 10.0.40219.1
Project("{FAE04EC0-301F-11D3-BF4B-00C04F79EFBC}") = "Exemplo02", "Exemplo02\Exemplo02.csproj", "{209C3CCC-069D-43B1-8084-C9D911D7FEAD}"
EndProject
Global
	GlobalSection(SolutionConfigurationPlatforms) = preSolution
		Debug|Any CPU = Debug|Any CPU
		Release|Any CPU = Release|Any CPU
	EndGlobalSection
	GlobalSection(ProjectConfigurationPlatforms) = postSolution
		{209C3CCC-069D-43B1-8084-C9D911D7FEAD}.Debug|Any CPU.ActiveCfg = Debug|Any CPU
		{209C3CCC-069D-43B1-8084-C9D911D7FEAD}.Debug|Any CPU.Build.0 = Debug|Any CPU
		{209C3CCC-069D-43B1-8084-C9D911D7FEAD}.Release|Any CPU.ActiveCfg = Release|Any CPU
		{209C3CCC-069D-43B1-8084-C9D911D7FEAD}.Release|Any CPU.Build.0 = Release|Any CPU
	EndGlobalSection
	GlobalSection(SolutionProperties) = preSolution
		HideSolutionNode = FALSE
	EndGlobalSection
	GlobalSection(ExtensibilityGlobals) = postSolution
		SolutionGuid = {1B499109-14B7-4524-A113-BEEC89FAD387}
	EndGlobalSection
EndGlobal
