
Microsoft Visual Studio Solution File, Format Version 12.00
# Visual Studio Version 17
VisualStudioVersion = 17.1.32407.343
MinimumVisualStudioVersion = 10.0.40219.1
Project("{FAE04EC0-301F-11D3-BF4B-00C04F79EFBC}") = "Seguros", "Seguros\Seguros.csproj", "{F677891E-A4FA-4496-BF22-2F7886F5CB17}"
EndProject
Global
	GlobalSection(SolutionConfigurationPlatforms) = preSolution
		Debug|Any CPU = Debug|Any CPU
		Release|Any CPU = Release|Any CPU
	EndGlobalSection
	GlobalSection(ProjectConfigurationPlatforms) = postSolution
		{F677891E-A4FA-4496-BF22-2F7886F5CB17}.Debug|Any CPU.ActiveCfg = Debug|Any CPU
		{F677891E-A4FA-4496-BF22-2F7886F5CB17}.Debug|Any CPU.Build.0 = Debug|Any CPU
		{F677891E-A4FA-4496-BF22-2F7886F5CB17}.Release|Any CPU.ActiveCfg = Release|Any CPU
		{F677891E-A4FA-4496-BF22-2F7886F5CB17}.Release|Any CPU.Build.0 = Release|Any CPU
	EndGlobalSection
	GlobalSection(SolutionProperties) = preSolution
		HideSolutionNode = FALSE
	EndGlobalSection
	GlobalSection(ExtensibilityGlobals) = postSolution
		SolutionGuid = {035FF913-A4C1-4A54-B6CE-CCFDA8FE6A02}
	EndGlobalSection
EndGlobal
