
Microsoft Visual Studio Solution File, Format Version 12.00
# Visual Studio Version 17
VisualStudioVersion = 17.1.32407.343
MinimumVisualStudioVersion = 10.0.40219.1
Project("{FAE04EC0-301F-11D3-BF4B-00C04F79EFBC}") = "loginIdentity", "loginIdentity\loginIdentity.csproj", "{DD83376E-7129-498B-96B9-6214BFEB8EB4}"
EndProject
Global
	GlobalSection(SolutionConfigurationPlatforms) = preSolution
		Debug|Any CPU = Debug|Any CPU
		Release|Any CPU = Release|Any CPU
	EndGlobalSection
	GlobalSection(ProjectConfigurationPlatforms) = postSolution
		{DD83376E-7129-498B-96B9-6214BFEB8EB4}.Debug|Any CPU.ActiveCfg = Debug|Any CPU
		{DD83376E-7129-498B-96B9-6214BFEB8EB4}.Debug|Any CPU.Build.0 = Debug|Any CPU
		{DD83376E-7129-498B-96B9-6214BFEB8EB4}.Release|Any CPU.ActiveCfg = Release|Any CPU
		{DD83376E-7129-498B-96B9-6214BFEB8EB4}.Release|Any CPU.Build.0 = Release|Any CPU
	EndGlobalSection
	GlobalSection(SolutionProperties) = preSolution
		HideSolutionNode = FALSE
	EndGlobalSection
	GlobalSection(ExtensibilityGlobals) = postSolution
		SolutionGuid = {82FECBAC-8483-4723-A3F7-09F93A9C10C3}
	EndGlobalSection
EndGlobal
