
Microsoft Visual Studio Solution File, Format Version 12.00
# Visual Studio Version 17
VisualStudioVersion = 17.1.32407.343
MinimumVisualStudioVersion = 10.0.40219.1
Project("{FAE04EC0-301F-11D3-BF4B-00C04F79EFBC}") = "DesafioPolimorfismo", "DesafioPolimorfismo\DesafioPolimorfismo.csproj", "{FFA17EBC-67BC-4863-AA5E-32E8B513FC7F}"
EndProject
Global
	GlobalSection(SolutionConfigurationPlatforms) = preSolution
		Debug|Any CPU = Debug|Any CPU
		Release|Any CPU = Release|Any CPU
	EndGlobalSection
	GlobalSection(ProjectConfigurationPlatforms) = postSolution
		{FFA17EBC-67BC-4863-AA5E-32E8B513FC7F}.Debug|Any CPU.ActiveCfg = Debug|Any CPU
		{FFA17EBC-67BC-4863-AA5E-32E8B513FC7F}.Debug|Any CPU.Build.0 = Debug|Any CPU
		{FFA17EBC-67BC-4863-AA5E-32E8B513FC7F}.Release|Any CPU.ActiveCfg = Release|Any CPU
		{FFA17EBC-67BC-4863-AA5E-32E8B513FC7F}.Release|Any CPU.Build.0 = Release|Any CPU
	EndGlobalSection
	GlobalSection(SolutionProperties) = preSolution
		HideSolutionNode = FALSE
	EndGlobalSection
	GlobalSection(ExtensibilityGlobals) = postSolution
		SolutionGuid = {6B7D0E39-3FF8-48BD-B7B6-A4CB437DD1EB}
	EndGlobalSection
EndGlobal
