
Microsoft Visual Studio Solution File, Format Version 12.00
# Visual Studio Version 17
VisualStudioVersion = 17.1.32407.343
MinimumVisualStudioVersion = 10.0.40219.1
Project("{FAE04EC0-301F-11D3-BF4B-00C04F79EFBC}") = "ExerciciosArquivo", "ExerciciosArquivo\ExerciciosArquivo.csproj", "{37F748A5-7BDA-4C21-9889-6AF93D4C1E84}"
EndProject
Global
	GlobalSection(SolutionConfigurationPlatforms) = preSolution
		Debug|Any CPU = Debug|Any CPU
		Release|Any CPU = Release|Any CPU
	EndGlobalSection
	GlobalSection(ProjectConfigurationPlatforms) = postSolution
		{37F748A5-7BDA-4C21-9889-6AF93D4C1E84}.Debug|Any CPU.ActiveCfg = Debug|Any CPU
		{37F748A5-7BDA-4C21-9889-6AF93D4C1E84}.Debug|Any CPU.Build.0 = Debug|Any CPU
		{37F748A5-7BDA-4C21-9889-6AF93D4C1E84}.Release|Any CPU.ActiveCfg = Release|Any CPU
		{37F748A5-7BDA-4C21-9889-6AF93D4C1E84}.Release|Any CPU.Build.0 = Release|Any CPU
	EndGlobalSection
	GlobalSection(SolutionProperties) = preSolution
		HideSolutionNode = FALSE
	EndGlobalSection
	GlobalSection(ExtensibilityGlobals) = postSolution
		SolutionGuid = {027C06DA-F736-432F-80EA-3338AD7BB100}
	EndGlobalSection
EndGlobal
