
Microsoft Visual Studio Solution File, Format Version 12.00
# Visual Studio Version 17
VisualStudioVersion = 17.1.32407.343
MinimumVisualStudioVersion = 10.0.40219.1
Project("{FAE04EC0-301F-11D3-BF4B-00C04F79EFBC}") = "Projeto_FourTask", "Projeto_FourTask\Projeto_FourTask.csproj", "{EE31AF3C-706F-40D3-A8F3-9D861E8A155A}"
EndProject
Global
	GlobalSection(SolutionConfigurationPlatforms) = preSolution
		Debug|Any CPU = Debug|Any CPU
		Release|Any CPU = Release|Any CPU
	EndGlobalSection
	GlobalSection(ProjectConfigurationPlatforms) = postSolution
		{EE31AF3C-706F-40D3-A8F3-9D861E8A155A}.Debug|Any CPU.ActiveCfg = Debug|Any CPU
		{EE31AF3C-706F-40D3-A8F3-9D861E8A155A}.Debug|Any CPU.Build.0 = Debug|Any CPU
		{EE31AF3C-706F-40D3-A8F3-9D861E8A155A}.Release|Any CPU.ActiveCfg = Release|Any CPU
		{EE31AF3C-706F-40D3-A8F3-9D861E8A155A}.Release|Any CPU.Build.0 = Release|Any CPU
	EndGlobalSection
	GlobalSection(SolutionProperties) = preSolution
		HideSolutionNode = FALSE
	EndGlobalSection
	GlobalSection(ExtensibilityGlobals) = postSolution
		SolutionGuid = {739BD7B3-58B0-4499-B11C-A39CCDA34369}
	EndGlobalSection
EndGlobal
